{
    "version": 3,
    "terraform_version": "0.7.3",
    "serial": 6,
    "lineage": "b429ccac-7311-40ff-9ed7-8c7286ac527e",
    "modules": [
        {
            "path": [
                "root"
            ],
            "outputs": {},
            "resources": {
                "azure_hosted_service.sc-ingress": {
                    "type": "azure_hosted_service",
                    "depends_on": [],
                    "primary": {
                        "id": "sc-ingress-0",
                        "attributes": {
                            "description": "Hosted service created by Terraform.",
                            "ephemeral_contents": "false",
                            "id": "sc-ingress-0",
                            "label": "tf-hs-01",
                            "location": "East US",
                            "name": "sc-ingress-0"
                        },
                        "meta": {},
                        "tainted": false
                    },
                    "deposed": [],
                    "provider": ""
                },
                "azure_hosted_service.sc-masters": {
                    "type": "azure_hosted_service",
                    "depends_on": [],
                    "primary": {
                        "id": "sc-master-0",
                        "attributes": {
                            "description": "Hosted service created by Terraform.",
                            "ephemeral_contents": "false",
                            "id": "sc-master-0",
                            "label": "tf-hs-01",
                            "location": "East US",
                            "name": "sc-master-0"
                        },
                        "meta": {},
                        "tainted": false
                    },
                    "deposed": [],
                    "provider": ""
                },
                "azure_hosted_service.sc-minions.0": {
                    "type": "azure_hosted_service",
                    "depends_on": [],
                    "primary": {
                        "id": "sc-minion-0",
                        "attributes": {
                            "description": "Hosted service created by Terraform.",
                            "ephemeral_contents": "false",
                            "id": "sc-minion-0",
                            "label": "tf-hs-01",
                            "location": "East US",
                            "name": "sc-minion-0"
                        },
                        "meta": {},
                        "tainted": false
                    },
                    "deposed": [],
                    "provider": ""
                },
                "azure_hosted_service.sc-minions.1": {
                    "type": "azure_hosted_service",
                    "depends_on": [],
                    "primary": {
                        "id": "sc-minion-1",
                        "attributes": {
                            "description": "Hosted service created by Terraform.",
                            "ephemeral_contents": "false",
                            "id": "sc-minion-1",
                            "label": "tf-hs-01",
                            "location": "East US",
                            "name": "sc-minion-1"
                        },
                        "meta": {},
                        "tainted": false
                    },
                    "deposed": [],
                    "provider": ""
                },
                "azure_hosted_service.sc-nat": {
                    "type": "azure_hosted_service",
                    "depends_on": [],
                    "primary": {
                        "id": "sc-nat",
                        "attributes": {
                            "description": "Hosted service created by Terraform.",
                            "ephemeral_contents": "false",
                            "id": "sc-nat",
                            "label": "tf-hs-01",
                            "location": "East US",
                            "name": "sc-nat"
                        },
                        "meta": {},
                        "tainted": false
                    },
                    "deposed": [],
                    "provider": ""
                },
                "azure_hosted_service.sc-nfs": {
                    "type": "azure_hosted_service",
                    "depends_on": [],
                    "primary": {
                        "id": "sc-nfs-0",
                        "attributes": {
                            "description": "Hosted service created by Terraform.",
                            "ephemeral_contents": "false",
                            "id": "sc-nfs-0",
                            "label": "tf-hs-01",
                            "location": "East US",
                            "name": "sc-nfs-0"
                        },
                        "meta": {},
                        "tainted": false
                    },
                    "deposed": [],
                    "provider": ""
                },
                "azure_security_group.kubemaster": {
                    "type": "azure_security_group",
                    "depends_on": [],
                    "primary": {
                        "id": "kubemaster",
                        "attributes": {
                            "id": "kubemaster",
                            "label": "kubemaster",
                            "location": "East US",
                            "name": "kubemaster"
                        },
                        "meta": {},
                        "tainted": false
                    },
                    "deposed": [],
                    "provider": ""
                },
                "azure_security_group.kubeminions": {
                    "type": "azure_security_group",
                    "depends_on": [],
                    "primary": {
                        "id": "kubeminions",
                        "attributes": {
                            "id": "kubeminions",
                            "label": "kubeminions",
                            "location": "East US",
                            "name": "kubeminions"
                        },
                        "meta": {},
                        "tainted": false
                    },
                    "deposed": [],
                    "provider": ""
                },
                "azure_security_group.nat": {
                    "type": "azure_security_group",
                    "depends_on": [],
                    "primary": {
                        "id": "nat",
                        "attributes": {
                            "id": "nat",
                            "label": "nat",
                            "location": "East US",
                            "name": "nat"
                        },
                        "meta": {},
                        "tainted": false
                    },
                    "deposed": [],
                    "provider": ""
                },
                "azure_security_group_rule.flask": {
                    "type": "azure_security_group_rule",
                    "depends_on": [
                        "azure_security_group.nat"
                    ],
                    "primary": {
                        "id": "flask-access-rule",
                        "attributes": {
                            "action": "Allow",
                            "destination_address_prefix": "172.1.3.0/24",
                            "destination_port_range": "5000",
                            "id": "flask-access-rule",
                            "name": "flask-access-rule",
                            "priority": "301",
                            "protocol": "TCP",
                            "security_group_names.#": "1",
                            "security_group_names.2525417723": "nat",
                            "source_address_prefix": "*",
                            "source_port_range": "*",
                            "type": "Inbound"
                        },
                        "meta": {},
                        "tainted": false
                    },
                    "deposed": [],
                    "provider": ""
                },
                "azure_security_group_rule.http": {
                    "type": "azure_security_group_rule",
                    "depends_on": [
                        "azure_security_group.nat"
                    ],
                    "primary": {
                        "id": "http-access-rule",
                        "attributes": {
                            "action": "Allow",
                            "destination_address_prefix": "172.1.3.0/24",
                            "destination_port_range": "80",
                            "id": "http-access-rule",
                            "name": "http-access-rule",
                            "priority": "200",
                            "protocol": "TCP",
                            "security_group_names.#": "1",
                            "security_group_names.2525417723": "nat",
                            "source_address_prefix": "*",
                            "source_port_range": "*",
                            "type": "Inbound"
                        },
                        "meta": {},
                        "tainted": false
                    },
                    "deposed": [],
                    "provider": ""
                },
                "azure_security_group_rule.kube": {
                    "type": "azure_security_group_rule",
                    "depends_on": [
                        "azure_security_group.kubemaster"
                    ],
                    "primary": {
                        "id": "kube-access-rule",
                        "attributes": {
                            "action": "Allow",
                            "destination_address_prefix": "172.1.1.0/24",
                            "destination_port_range": "8080",
                            "id": "kube-access-rule",
                            "name": "kube-access-rule",
                            "priority": "200",
                            "protocol": "TCP",
                            "security_group_names.#": "1",
                            "security_group_names.2805127066": "kubemaster",
                            "source_address_prefix": "*",
                            "source_port_range": "*",
                            "type": "Inbound"
                        },
                        "meta": {},
                        "tainted": false
                    },
                    "deposed": [],
                    "provider": ""
                },
                "azure_security_group_rule.kubemaster_inbound": {
                    "type": "azure_security_group_rule",
                    "depends_on": [
                        "azure_security_group.kubemaster"
                    ],
                    "primary": {
                        "id": "kubemaster_inbound-cluster-access-rule",
                        "attributes": {
                            "action": "Allow",
                            "destination_address_prefix": "172.1.1.0/24",
                            "destination_port_range": "*",
                            "id": "kubemaster_inbound-cluster-access-rule",
                            "name": "kubemaster_inbound-cluster-access-rule",
                            "priority": "203",
                            "protocol": "*",
                            "security_group_names.#": "1",
                            "security_group_names.2805127066": "kubemaster",
                            "source_address_prefix": "172.1.2.0/24",
                            "source_port_range": "*",
                            "type": "Inbound"
                        },
                        "meta": {},
                        "tainted": false
                    },
                    "deposed": [],
                    "provider": ""
                },
                "azure_security_group_rule.kubemaster_outbound": {
                    "type": "azure_security_group_rule",
                    "depends_on": [
                        "azure_security_group.kubemaster"
                    ],
                    "primary": {
                        "id": "kubemaster_outbound-cluster-access-rule",
                        "attributes": {
                            "action": "Allow",
                            "destination_address_prefix": "172.1.1.0/24",
                            "destination_port_range": "*",
                            "id": "kubemaster_outbound-cluster-access-rule",
                            "name": "kubemaster_outbound-cluster-access-rule",
                            "priority": "204",
                            "protocol": "*",
                            "security_group_names.#": "1",
                            "security_group_names.2805127066": "kubemaster",
                            "source_address_prefix": "172.1.2.0/24",
                            "source_port_range": "*",
                            "type": "Outbound"
                        },
                        "meta": {},
                        "tainted": false
                    },
                    "deposed": [],
                    "provider": ""
                },
                "azure_security_group_rule.kubemaster_ssh": {
                    "type": "azure_security_group_rule",
                    "depends_on": [
                        "azure_security_group.kubemaster"
                    ],
                    "primary": {
                        "id": "masters_ssh-access-rule",
                        "attributes": {
                            "action": "Allow",
                            "destination_address_prefix": "172.1.1.0/24",
                            "destination_port_range": "22",
                            "id": "masters_ssh-access-rule",
                            "name": "masters_ssh-access-rule",
                            "priority": "201",
                            "protocol": "TCP",
                            "security_group_names.#": "1",
                            "security_group_names.2805127066": "kubemaster",
                            "source_address_prefix": "172.1.3.0/24",
                            "source_port_range": "*",
                            "type": "Inbound"
                        },
                        "meta": {},
                        "tainted": false
                    },
                    "deposed": [],
                    "provider": ""
                },
                "azure_security_group_rule.kubeminions_inbound": {
                    "type": "azure_security_group_rule",
                    "depends_on": [
                        "azure_security_group.kubeminions"
                    ],
                    "primary": {
                        "id": "kubeminions_cluster-access-rule",
                        "attributes": {
                            "action": "Allow",
                            "destination_address_prefix": "172.1.2.0/24",
                            "destination_port_range": "*",
                            "id": "kubeminions_cluster-access-rule",
                            "name": "kubeminions_cluster-access-rule",
                            "priority": "207",
                            "protocol": "*",
                            "security_group_names.#": "1",
                            "security_group_names.918749457": "kubeminions",
                            "source_address_prefix": "172.1.1.0/24",
                            "source_port_range": "*",
                            "type": "Inbound"
                        },
                        "meta": {},
                        "tainted": false
                    },
                    "deposed": [],
                    "provider": ""
                },
                "azure_security_group_rule.kubeminions_outbound": {
                    "type": "azure_security_group_rule",
                    "depends_on": [
                        "azure_security_group.kubeminions"
                    ],
                    "primary": {
                        "id": "kubeminions_cluster-access-rule",
                        "attributes": {
                            "action": "Allow",
                            "destination_address_prefix": "172.1.2.0/24",
                            "destination_port_range": "*",
                            "id": "kubeminions_cluster-access-rule",
                            "name": "kubeminions_cluster-access-rule",
                            "priority": "208",
                            "protocol": "*",
                            "security_group_names.#": "1",
                            "security_group_names.918749457": "kubeminions",
                            "source_address_prefix": "172.1.1.0/24",
                            "source_port_range": "*",
                            "type": "Outbound"
                        },
                        "meta": {},
                        "tainted": false
                    },
                    "deposed": [],
                    "provider": ""
                },
                "azure_security_group_rule.kubeminions_ssh": {
                    "type": "azure_security_group_rule",
                    "depends_on": [
                        "azure_security_group.kubeminions"
                    ],
                    "primary": {
                        "id": "minions_ssh-access-rule",
                        "attributes": {
                            "action": "Allow",
                            "destination_address_prefix": "172.1.2.0/24",
                            "destination_port_range": "22",
                            "id": "minions_ssh-access-rule",
                            "name": "minions_ssh-access-rule",
                            "priority": "202",
                            "protocol": "TCP",
                            "security_group_names.#": "1",
                            "security_group_names.918749457": "kubeminions",
                            "source_address_prefix": "172.1.3.0/24",
                            "source_port_range": "*",
                            "type": "Inbound"
                        },
                        "meta": {},
                        "tainted": false
                    },
                    "deposed": [],
                    "provider": ""
                },
                "azure_security_group_rule.nat_ssh": {
                    "type": "azure_security_group_rule",
                    "depends_on": [
                        "azure_security_group.nat"
                    ],
                    "primary": {
                        "id": "nat_ssh-access-rule",
                        "attributes": {
                            "action": "Allow",
                            "destination_address_prefix": "172.1.3.0/24",
                            "destination_port_range": "22",
                            "id": "nat_ssh-access-rule",
                            "name": "nat_ssh-access-rule",
                            "priority": "201",
                            "protocol": "TCP",
                            "security_group_names.#": "1",
                            "security_group_names.2525417723": "nat",
                            "source_address_prefix": "*",
                            "source_port_range": "*",
                            "type": "Inbound"
                        },
                        "meta": {},
                        "tainted": false
                    },
                    "deposed": [],
                    "provider": ""
                },
                "azure_virtual_network.sc-virtual-network": {
                    "type": "azure_virtual_network",
                    "depends_on": [],
                    "primary": {
                        "id": "sc-virtual-network",
                        "attributes": {
                            "address_space.#": "1",
                            "address_space.0": "172.1.0.0/16",
                            "id": "sc-virtual-network",
                            "location": "East US",
                            "name": "sc-virtual-network",
                            "subnet.#": "3",
                            "subnet.2605516300.address_prefix": "172.1.3.0/24",
                            "subnet.2605516300.name": "nat",
                            "subnet.2605516300.security_group": "nat",
                            "subnet.3612099365.address_prefix": "172.1.1.0/24",
                            "subnet.3612099365.name": "kubemasters",
                            "subnet.3612099365.security_group": "kubemaster",
                            "subnet.3712019141.address_prefix": "172.1.2.0/24",
                            "subnet.3712019141.name": "kubeminions",
                            "subnet.3712019141.security_group": "kubeminions"
                        },
                        "meta": {},
                        "tainted": false
                    },
                    "deposed": [],
                    "provider": ""
                }
            },
            "depends_on": []
        }
    ]
}
